
Microsoft Visual Studio Solution File, Format Version 12.00
# Visual Studio Version 17
VisualStudioVersion = 17.14.36310.24
MinimumVisualStudioVersion = 10.0.40219.1
Project("{FAE04EC0-301F-11D3-BF4B-00C04F79EFBC}") = "ai.SemanticKernel.Sampler.Console", "ai.SemanticKernel.Sampler.Console\ai.SemanticKernel.Sampler.Console.csproj", "{308D83BB-76CA-4B24-F232-B78E34F0A2A8}"
EndProject
Project("{FAE04EC0-301F-11D3-BF4B-00C04F79EFBC}") = "ai.SemanticKernel.Library", "ai.SemanticKernel.Library\ai.SemanticKernel.Library.csproj", "{495DE482-EAA0-A294-5623-A2E1852D72B0}"
EndProject
Project("{FAE04EC0-301F-11D3-BF4B-00C04F79EFBC}") = "ai.SemanticKernel.Workflow.Sampler.Console", "ai.SemanticKernel.Workflow.Sampler.Console\ai.SemanticKernel.Workflow.Sampler.Console.csproj", "{A7A9ED05-3AE2-5120-5319-9EFB4B55AFE9}"
EndProject
Project("{2150E333-8FDC-42A3-9474-1A3956D46DE8}") = "Solution Items", "Solution Items", "{8EC462FD-D22E-90A8-E5CE-7E832BA40C5D}"
	ProjectSection(SolutionItems) = preProject
		README.md = README.md
	EndProjectSection
EndProject
Project("{FAE04EC0-301F-11D3-BF4B-00C04F79EFBC}") = "ai.SemanticKernel.Dapr.Library", "ai.SemanticKernel.Dapr.Library\ai.SemanticKernel.Dapr.Library.csproj", "{17D48023-F2F6-4C36-A771-CC87831D59BA}"
EndProject
Project("{FAE04EC0-301F-11D3-BF4B-00C04F79EFBC}") = "ai.SemanticKernel.Dapr.WebApp", "ai.SemanticKernel.Dapr.WebApp\ai.SemanticKernel.Dapr.WebApp.csproj", "{8C73A3E5-1F5E-4D8F-A116-783D4F023D0B}"
EndProject
Project("{FAE04EC0-301F-11D3-BF4B-00C04F79EFBC}") = "Mcp.Library", "Mcp.Library\Mcp.Library.csproj", "{1D692303-2B8A-410A-9A56-B2218AE0F74D}"
EndProject
Project("{2150E333-8FDC-42A3-9474-1A3956D46DE8}") = "Mcp", "Mcp", "{02EA681E-C7D8-13C7-8484-4AC65E1B71E8}"
EndProject
Project("{FAE04EC0-301F-11D3-BF4B-00C04F79EFBC}") = "Mcp.ClientConsole", "Mcp.ClientConsole\Mcp.ClientConsole.csproj", "{F2B833F8-A9CE-44C2-87EF-C4AB41B556E8}"
EndProject
Project("{FAE04EC0-301F-11D3-BF4B-00C04F79EFBC}") = "Mcp.ServerConsole", "Mcp.ServerConsole\Mcp.ServerConsole.csproj", "{776968E2-601C-E947-6756-DD2D5828B706}"
EndProject
Project("{2150E333-8FDC-42A3-9474-1A3956D46DE8}") = "Dapr", "Dapr", "{C8FB00DB-38C6-47A6-9B99-73D3265CD2C7}"
EndProject
Project("{2150E333-8FDC-42A3-9474-1A3956D46DE8}") = "Library", "Library", "{104796A2-4D21-4098-8443-1F4AFA7A341B}"
EndProject
Project("{2150E333-8FDC-42A3-9474-1A3956D46DE8}") = "Consoles", "Consoles", "{A7EED2D9-A038-485C-ABB1-12EFC322046E}"
EndProject
Project("{FAE04EC0-301F-11D3-BF4B-00C04F79EFBC}") = "FoundryLocal.Console", "FoundryLocal.Console\FoundryLocal.Console.csproj", "{C1A0BDED-150D-48CF-9137-AE7F6061DE04}"
EndProject
Global
	GlobalSection(SolutionConfigurationPlatforms) = preSolution
		Debug|Any CPU = Debug|Any CPU
		Release|Any CPU = Release|Any CPU
	EndGlobalSection
	GlobalSection(ProjectConfigurationPlatforms) = postSolution
		{308D83BB-76CA-4B24-F232-B78E34F0A2A8}.Debug|Any CPU.ActiveCfg = Debug|Any CPU
		{308D83BB-76CA-4B24-F232-B78E34F0A2A8}.Debug|Any CPU.Build.0 = Debug|Any CPU
		{308D83BB-76CA-4B24-F232-B78E34F0A2A8}.Release|Any CPU.ActiveCfg = Release|Any CPU
		{308D83BB-76CA-4B24-F232-B78E34F0A2A8}.Release|Any CPU.Build.0 = Release|Any CPU
		{495DE482-EAA0-A294-5623-A2E1852D72B0}.Debug|Any CPU.ActiveCfg = Debug|Any CPU
		{495DE482-EAA0-A294-5623-A2E1852D72B0}.Debug|Any CPU.Build.0 = Debug|Any CPU
		{495DE482-EAA0-A294-5623-A2E1852D72B0}.Release|Any CPU.ActiveCfg = Release|Any CPU
		{495DE482-EAA0-A294-5623-A2E1852D72B0}.Release|Any CPU.Build.0 = Release|Any CPU
		{A7A9ED05-3AE2-5120-5319-9EFB4B55AFE9}.Debug|Any CPU.ActiveCfg = Debug|Any CPU
		{A7A9ED05-3AE2-5120-5319-9EFB4B55AFE9}.Debug|Any CPU.Build.0 = Debug|Any CPU
		{A7A9ED05-3AE2-5120-5319-9EFB4B55AFE9}.Release|Any CPU.ActiveCfg = Release|Any CPU
		{A7A9ED05-3AE2-5120-5319-9EFB4B55AFE9}.Release|Any CPU.Build.0 = Release|Any CPU
		{17D48023-F2F6-4C36-A771-CC87831D59BA}.Debug|Any CPU.ActiveCfg = Debug|Any CPU
		{17D48023-F2F6-4C36-A771-CC87831D59BA}.Debug|Any CPU.Build.0 = Debug|Any CPU
		{17D48023-F2F6-4C36-A771-CC87831D59BA}.Release|Any CPU.ActiveCfg = Release|Any CPU
		{17D48023-F2F6-4C36-A771-CC87831D59BA}.Release|Any CPU.Build.0 = Release|Any CPU
		{8C73A3E5-1F5E-4D8F-A116-783D4F023D0B}.Debug|Any CPU.ActiveCfg = Debug|Any CPU
		{8C73A3E5-1F5E-4D8F-A116-783D4F023D0B}.Debug|Any CPU.Build.0 = Debug|Any CPU
		{8C73A3E5-1F5E-4D8F-A116-783D4F023D0B}.Release|Any CPU.ActiveCfg = Release|Any CPU
		{8C73A3E5-1F5E-4D8F-A116-783D4F023D0B}.Release|Any CPU.Build.0 = Release|Any CPU
		{1D692303-2B8A-410A-9A56-B2218AE0F74D}.Debug|Any CPU.ActiveCfg = Debug|Any CPU
		{1D692303-2B8A-410A-9A56-B2218AE0F74D}.Debug|Any CPU.Build.0 = Debug|Any CPU
		{1D692303-2B8A-410A-9A56-B2218AE0F74D}.Release|Any CPU.ActiveCfg = Release|Any CPU
		{1D692303-2B8A-410A-9A56-B2218AE0F74D}.Release|Any CPU.Build.0 = Release|Any CPU
		{F2B833F8-A9CE-44C2-87EF-C4AB41B556E8}.Debug|Any CPU.ActiveCfg = Debug|Any CPU
		{F2B833F8-A9CE-44C2-87EF-C4AB41B556E8}.Debug|Any CPU.Build.0 = Debug|Any CPU
		{F2B833F8-A9CE-44C2-87EF-C4AB41B556E8}.Release|Any CPU.ActiveCfg = Release|Any CPU
		{F2B833F8-A9CE-44C2-87EF-C4AB41B556E8}.Release|Any CPU.Build.0 = Release|Any CPU
		{776968E2-601C-E947-6756-DD2D5828B706}.Debug|Any CPU.ActiveCfg = Debug|Any CPU
		{776968E2-601C-E947-6756-DD2D5828B706}.Debug|Any CPU.Build.0 = Debug|Any CPU
		{776968E2-601C-E947-6756-DD2D5828B706}.Release|Any CPU.ActiveCfg = Release|Any CPU
		{776968E2-601C-E947-6756-DD2D5828B706}.Release|Any CPU.Build.0 = Release|Any CPU
		{C1A0BDED-150D-48CF-9137-AE7F6061DE04}.Debug|Any CPU.ActiveCfg = Debug|Any CPU
		{C1A0BDED-150D-48CF-9137-AE7F6061DE04}.Debug|Any CPU.Build.0 = Debug|Any CPU
		{C1A0BDED-150D-48CF-9137-AE7F6061DE04}.Release|Any CPU.ActiveCfg = Release|Any CPU
		{C1A0BDED-150D-48CF-9137-AE7F6061DE04}.Release|Any CPU.Build.0 = Release|Any CPU
	EndGlobalSection
	GlobalSection(SolutionProperties) = preSolution
		HideSolutionNode = FALSE
	EndGlobalSection
	GlobalSection(NestedProjects) = preSolution
		{308D83BB-76CA-4B24-F232-B78E34F0A2A8} = {A7EED2D9-A038-485C-ABB1-12EFC322046E}
		{495DE482-EAA0-A294-5623-A2E1852D72B0} = {104796A2-4D21-4098-8443-1F4AFA7A341B}
		{A7A9ED05-3AE2-5120-5319-9EFB4B55AFE9} = {A7EED2D9-A038-485C-ABB1-12EFC322046E}
		{17D48023-F2F6-4C36-A771-CC87831D59BA} = {C8FB00DB-38C6-47A6-9B99-73D3265CD2C7}
		{8C73A3E5-1F5E-4D8F-A116-783D4F023D0B} = {C8FB00DB-38C6-47A6-9B99-73D3265CD2C7}
		{1D692303-2B8A-410A-9A56-B2218AE0F74D} = {02EA681E-C7D8-13C7-8484-4AC65E1B71E8}
		{F2B833F8-A9CE-44C2-87EF-C4AB41B556E8} = {02EA681E-C7D8-13C7-8484-4AC65E1B71E8}
		{776968E2-601C-E947-6756-DD2D5828B706} = {02EA681E-C7D8-13C7-8484-4AC65E1B71E8}
		{C1A0BDED-150D-48CF-9137-AE7F6061DE04} = {A7EED2D9-A038-485C-ABB1-12EFC322046E}
	EndGlobalSection
	GlobalSection(ExtensibilityGlobals) = postSolution
		SolutionGuid = {6A7268FC-C389-4347-809F-336665F45CE6}
	EndGlobalSection
EndGlobal
